
Microsoft Visual Studio Solution File, Format Version 12.00
# Visual Studio Version 16
VisualStudioVersion = 16.0.29519.181
MinimumVisualStudioVersion = 10.0.40219.1
Project("{9A19103F-16F7-4668-BE54-9A1E7A4F7556}") = "Web.API", "svc-dotnetcore3\Web.API.csproj", "{8AB0CE04-F213-4FD7-BC17-B2F9F177E2D2}"
EndProject
Project("{00D1A9C2-B5F0-4AF3-8072-F6C62B433612}") = "Database", "Database\Database.sqlproj", "{48D8F80A-2454-459D-B9BA-750EA6F5B3C9}"
EndProject
Project("{FAE04EC0-301F-11D3-BF4B-00C04F79EFBC}") = "Tests", "Tests\Tests.csproj", "{127F3D60-95BF-4C36-9677-30B92563CC9E}"
EndProject
Global
	GlobalSection(SolutionConfigurationPlatforms) = preSolution
		Debug|Any CPU = Debug|Any CPU
		Release|Any CPU = Release|Any CPU
	EndGlobalSection
	GlobalSection(ProjectConfigurationPlatforms) = postSolution
		{8AB0CE04-F213-4FD7-BC17-B2F9F177E2D2}.Debug|Any CPU.ActiveCfg = Debug|Any CPU
		{8AB0CE04-F213-4FD7-BC17-B2F9F177E2D2}.Debug|Any CPU.Build.0 = Debug|Any CPU
		{8AB0CE04-F213-4FD7-BC17-B2F9F177E2D2}.Release|Any CPU.ActiveCfg = Release|Any CPU
		{8AB0CE04-F213-4FD7-BC17-B2F9F177E2D2}.Release|Any CPU.Build.0 = Release|Any CPU
		{48D8F80A-2454-459D-B9BA-750EA6F5B3C9}.Debug|Any CPU.ActiveCfg = Debug|Any CPU
		{48D8F80A-2454-459D-B9BA-750EA6F5B3C9}.Debug|Any CPU.Build.0 = Debug|Any CPU
		{48D8F80A-2454-459D-B9BA-750EA6F5B3C9}.Debug|Any CPU.Deploy.0 = Debug|Any CPU
		{48D8F80A-2454-459D-B9BA-750EA6F5B3C9}.Release|Any CPU.ActiveCfg = Release|Any CPU
		{48D8F80A-2454-459D-B9BA-750EA6F5B3C9}.Release|Any CPU.Build.0 = Release|Any CPU
		{48D8F80A-2454-459D-B9BA-750EA6F5B3C9}.Release|Any CPU.Deploy.0 = Release|Any CPU
		{127F3D60-95BF-4C36-9677-30B92563CC9E}.Debug|Any CPU.ActiveCfg = Debug|Any CPU
		{127F3D60-95BF-4C36-9677-30B92563CC9E}.Debug|Any CPU.Build.0 = Debug|Any CPU
		{127F3D60-95BF-4C36-9677-30B92563CC9E}.Release|Any CPU.ActiveCfg = Release|Any CPU
		{127F3D60-95BF-4C36-9677-30B92563CC9E}.Release|Any CPU.Build.0 = Release|Any CPU
	EndGlobalSection
	GlobalSection(SolutionProperties) = preSolution
		HideSolutionNode = FALSE
	EndGlobalSection
	GlobalSection(ExtensibilityGlobals) = postSolution
		SolutionGuid = {9A216212-3030-4C0D-90B5-F5953087940C}
	EndGlobalSection
EndGlobal
